
Microsoft Visual Studio Solution File, Format Version 12.00
# Visual Studio 15
VisualStudioVersion = 15.0.28010.2036
MinimumVisualStudioVersion = 10.0.40219.1
Project("{8BC9CEB8-8B4A-11D0-8D11-00A0C91BC942}") = "FischerP7Pt2", "FischerP7Pt2\FischerP7Pt2.vcxproj", "{D37B29CF-304E-41EC-A78F-B9A51279AEDE}"
EndProject
Global
	GlobalSection(SolutionConfigurationPlatforms) = preSolution
		Debug|x64 = Debug|x64
		Debug|x86 = Debug|x86
		Release|x64 = Release|x64
		Release|x86 = Release|x86
	EndGlobalSection
	GlobalSection(ProjectConfigurationPlatforms) = postSolution
		{D37B29CF-304E-41EC-A78F-B9A51279AEDE}.Debug|x64.ActiveCfg = Debug|x64
		{D37B29CF-304E-41EC-A78F-B9A51279AEDE}.Debug|x64.Build.0 = Debug|x64
		{D37B29CF-304E-41EC-A78F-B9A51279AEDE}.Debug|x86.ActiveCfg = Debug|Win32
		{D37B29CF-304E-41EC-A78F-B9A51279AEDE}.Debug|x86.Build.0 = Debug|Win32
		{D37B29CF-304E-41EC-A78F-B9A51279AEDE}.Release|x64.ActiveCfg = Release|x64
		{D37B29CF-304E-41EC-A78F-B9A51279AEDE}.Release|x64.Build.0 = Release|x64
		{D37B29CF-304E-41EC-A78F-B9A51279AEDE}.Release|x86.ActiveCfg = Release|Win32
		{D37B29CF-304E-41EC-A78F-B9A51279AEDE}.Release|x86.Build.0 = Release|Win32
	EndGlobalSection
	GlobalSection(SolutionProperties) = preSolution
		HideSolutionNode = FALSE
	EndGlobalSection
	GlobalSection(ExtensibilityGlobals) = postSolution
		SolutionGuid = {005FB539-C487-4DA9-B6F3-ABFA3CB1BCEB}
	EndGlobalSection
EndGlobal
